
Microsoft Visual Studio Solution File, Format Version 12.00
# Visual Studio Version 17
VisualStudioVersion = 17.2.32630.192
MinimumVisualStudioVersion = 10.0.40219.1
Project("{FAE04EC0-301F-11D3-BF4B-00C04F79EFBC}") = "DB_Obchod_Project", "DB_Obchod_Project\DB_Obchod_Project.csproj", "{4316942A-A0CA-429B-BF3B-7DE7B802930E}"
EndProject
Global
	GlobalSection(SolutionConfigurationPlatforms) = preSolution
		Debug|Any CPU = Debug|Any CPU
		Release|Any CPU = Release|Any CPU
	EndGlobalSection
	GlobalSection(ProjectConfigurationPlatforms) = postSolution
		{4316942A-A0CA-429B-BF3B-7DE7B802930E}.Debug|Any CPU.ActiveCfg = Debug|Any CPU
		{4316942A-A0CA-429B-BF3B-7DE7B802930E}.Debug|Any CPU.Build.0 = Debug|Any CPU
		{4316942A-A0CA-429B-BF3B-7DE7B802930E}.Release|Any CPU.ActiveCfg = Release|Any CPU
		{4316942A-A0CA-429B-BF3B-7DE7B802930E}.Release|Any CPU.Build.0 = Release|Any CPU
	EndGlobalSection
	GlobalSection(SolutionProperties) = preSolution
		HideSolutionNode = FALSE
	EndGlobalSection
	GlobalSection(ExtensibilityGlobals) = postSolution
		SolutionGuid = {5BF104A4-B98F-4BCF-8217-5A7B269EEB40}
	EndGlobalSection
EndGlobal
